<?xml version="1.0" encoding="UTF-8"?>
<Scheme
   version = "1.3">
   <BuildAction>
      <BuildActionEntries>
         <BuildActionEntry
            buildForRunning = "YES">
            <BuildableReference
               BuildableIdentifier = "primary"
               BlueprintIdentifier = "D5F225FBBC2018F604CE86CA"
               BuildableName = "SwiftSerialization"
               BlueprintName = "SwiftSerialization"
               ReferencedContainer = "container:SwiftSerialization.xcodeproj">
            </BuildableReference>
         </BuildActionEntry>
      </BuildActionEntries>
   </BuildAction>
   <LaunchAction
      useCustomWorkingDirectory = "NO"
      buildConfiguration = "Debug"
      allowLocationSimulation = "YES">
      <BuildableProductRunnable>
         <BuildableReference
            BuildableIdentifier = "primary"
            BlueprintIdentifier = "D5F225FBBC2018F604CE86CA"
            BuildableName = "SwiftSerialization"
            BlueprintName = "SwiftSerialization"
            ReferencedContainer = "container:SwiftSerialization.xcodeproj">
         </BuildableReference>
      </BuildableProductRunnable>
   </LaunchAction>
</Scheme>
